
Microsoft Visual Studio Solution File, Format Version 12.00
# Visual Studio Version 16
VisualStudioVersion = 16.0.30204.135
MinimumVisualStudioVersion = 10.0.40219.1
Project("{9A19103F-16F7-4668-BE54-9A1E7A4F7556}") = "NewFeatureDevelopmentAPI", "NewFeatureDevelopmentAPI\NewFeatureDevelopmentAPI.csproj", "{1812260D-C00A-4080-B8E8-7B11B6FC291F}"
EndProject
Project("{FAE04EC0-301F-11D3-BF4B-00C04F79EFBC}") = "NewFeatureWebApp", "NewFeatureWebApp\NewFeatureWebApp.csproj", "{B005F8D8-30E6-418B-BA40-E14A6225612A}"
EndProject
Global
	GlobalSection(SolutionConfigurationPlatforms) = preSolution
		Debug|Any CPU = Debug|Any CPU
		Release|Any CPU = Release|Any CPU
	EndGlobalSection
	GlobalSection(ProjectConfigurationPlatforms) = postSolution
		{1812260D-C00A-4080-B8E8-7B11B6FC291F}.Debug|Any CPU.ActiveCfg = Debug|Any CPU
		{1812260D-C00A-4080-B8E8-7B11B6FC291F}.Debug|Any CPU.Build.0 = Debug|Any CPU
		{1812260D-C00A-4080-B8E8-7B11B6FC291F}.Release|Any CPU.ActiveCfg = Release|Any CPU
		{1812260D-C00A-4080-B8E8-7B11B6FC291F}.Release|Any CPU.Build.0 = Release|Any CPU
		{B005F8D8-30E6-418B-BA40-E14A6225612A}.Debug|Any CPU.ActiveCfg = Debug|Any CPU
		{B005F8D8-30E6-418B-BA40-E14A6225612A}.Debug|Any CPU.Build.0 = Debug|Any CPU
		{B005F8D8-30E6-418B-BA40-E14A6225612A}.Release|Any CPU.ActiveCfg = Release|Any CPU
		{B005F8D8-30E6-418B-BA40-E14A6225612A}.Release|Any CPU.Build.0 = Release|Any CPU
	EndGlobalSection
	GlobalSection(SolutionProperties) = preSolution
		HideSolutionNode = FALSE
	EndGlobalSection
	GlobalSection(ExtensibilityGlobals) = postSolution
		SolutionGuid = {12E73497-4ACD-4A62-9620-B6F86FC40151}
	EndGlobalSection
EndGlobal
